{
  "requires": true,
  "lockfileVersion": 1,
  "dependencies": {
    "ng-set-state": {
      "version": "1.2.0",
      "resolved": "https://registry.npmjs.org/ng-set-state/-/ng-set-state-1.2.0.tgz",
      "integrity": "sha512-89t+S9+jEdb0HTmq2qeFNoezcTzkaR3caxViP4D3plmG4F8/MEzdp169Ek7AyvuNxY1jok/YHQkK4rfRraSSDA=="
    }
  }
}
